
Microsoft Visual Studio Solution File, Format Version 12.00
# Visual Studio Version 17
VisualStudioVersion = 17.13.35825.156 d17.13
MinimumVisualStudioVersion = 10.0.40219.1
Project("{FAE04EC0-301F-11D3-BF4B-00C04F79EFBC}") = "ProductCentral.FrontEnd", "ProductCentral.FrontEnd\ProductCentral.FrontEnd.csproj", "{60A5C57C-BB34-4FC6-8532-2ACA9EBF540A}"
EndProject
Global
	GlobalSection(SolutionConfigurationPlatforms) = preSolution
		Debug|Any CPU = Debug|Any CPU
		Release|Any CPU = Release|Any CPU
	EndGlobalSection
	GlobalSection(ProjectConfigurationPlatforms) = postSolution
		{60A5C57C-BB34-4FC6-8532-2ACA9EBF540A}.Debug|Any CPU.ActiveCfg = Debug|Any CPU
		{60A5C57C-BB34-4FC6-8532-2ACA9EBF540A}.Debug|Any CPU.Build.0 = Debug|Any CPU
		{60A5C57C-BB34-4FC6-8532-2ACA9EBF540A}.Release|Any CPU.ActiveCfg = Release|Any CPU
		{60A5C57C-BB34-4FC6-8532-2ACA9EBF540A}.Release|Any CPU.Build.0 = Release|Any CPU
	EndGlobalSection
	GlobalSection(SolutionProperties) = preSolution
		HideSolutionNode = FALSE
	EndGlobalSection
	GlobalSection(ExtensibilityGlobals) = postSolution
		SolutionGuid = {24938466-DA7C-4315-8E08-29F1C3D2A254}
	EndGlobalSection
EndGlobal
