
Microsoft Visual Studio Solution File, Format Version 12.00
# Visual Studio Version 17
VisualStudioVersion = 17.13.35825.156
MinimumVisualStudioVersion = 10.0.40219.1
Project("{FAE04EC0-301F-11D3-BF4B-00C04F79EFBC}") = "ProductCentral.FrontEnd", "ProductCentral.FrontEnd\ProductCentral.FrontEnd.csproj", "{60A5C57C-BB34-4FC6-8532-2ACA9EBF540A}"
EndProject
Project("{FAE04EC0-301F-11D3-BF4B-00C04F79EFBC}") = "ProductCentral.Core", "ProductCentral.Core\ProductCentral.Core.csproj", "{8DD94B23-582D-4FF0-891D-FA54918A228B}"
EndProject
Project("{FAE04EC0-301F-11D3-BF4B-00C04F79EFBC}") = "ProductCentral.BackEnd", "ProductCentral.BackEnd\ProductCentral.BackEnd.csproj", "{C662C31A-E951-4CBB-984A-9E15137D8EDB}"
EndProject
Project("{FAE04EC0-301F-11D3-BF4B-00C04F79EFBC}") = "ProductCentral.LogisticCLI", "ProductCentral.LogisticCLI\ProductCentral.LogisticCLI.csproj", "{AFDC965F-D2A6-4389-AD7D-536E56B1AD67}"
EndProject
Project("{FAE04EC0-301F-11D3-BF4B-00C04F79EFBC}") = "ProductCentral.RestClient", "ProductCentral.RestClient\ProductCentral.RestClient.csproj", "{82306EAA-6C43-43F1-BB7C-4C8C302D2EA1}"
EndProject
Global
	GlobalSection(SolutionConfigurationPlatforms) = preSolution
		Debug|Any CPU = Debug|Any CPU
		Release|Any CPU = Release|Any CPU
	EndGlobalSection
	GlobalSection(ProjectConfigurationPlatforms) = postSolution
		{60A5C57C-BB34-4FC6-8532-2ACA9EBF540A}.Debug|Any CPU.ActiveCfg = Debug|Any CPU
		{60A5C57C-BB34-4FC6-8532-2ACA9EBF540A}.Debug|Any CPU.Build.0 = Debug|Any CPU
		{60A5C57C-BB34-4FC6-8532-2ACA9EBF540A}.Release|Any CPU.ActiveCfg = Release|Any CPU
		{60A5C57C-BB34-4FC6-8532-2ACA9EBF540A}.Release|Any CPU.Build.0 = Release|Any CPU
		{8DD94B23-582D-4FF0-891D-FA54918A228B}.Debug|Any CPU.ActiveCfg = Debug|Any CPU
		{8DD94B23-582D-4FF0-891D-FA54918A228B}.Debug|Any CPU.Build.0 = Debug|Any CPU
		{8DD94B23-582D-4FF0-891D-FA54918A228B}.Release|Any CPU.ActiveCfg = Release|Any CPU
		{8DD94B23-582D-4FF0-891D-FA54918A228B}.Release|Any CPU.Build.0 = Release|Any CPU
		{C662C31A-E951-4CBB-984A-9E15137D8EDB}.Debug|Any CPU.ActiveCfg = Debug|Any CPU
		{C662C31A-E951-4CBB-984A-9E15137D8EDB}.Debug|Any CPU.Build.0 = Debug|Any CPU
		{C662C31A-E951-4CBB-984A-9E15137D8EDB}.Release|Any CPU.ActiveCfg = Release|Any CPU
		{C662C31A-E951-4CBB-984A-9E15137D8EDB}.Release|Any CPU.Build.0 = Release|Any CPU
		{AFDC965F-D2A6-4389-AD7D-536E56B1AD67}.Debug|Any CPU.ActiveCfg = Debug|Any CPU
		{AFDC965F-D2A6-4389-AD7D-536E56B1AD67}.Debug|Any CPU.Build.0 = Debug|Any CPU
		{AFDC965F-D2A6-4389-AD7D-536E56B1AD67}.Release|Any CPU.ActiveCfg = Release|Any CPU
		{AFDC965F-D2A6-4389-AD7D-536E56B1AD67}.Release|Any CPU.Build.0 = Release|Any CPU
		{82306EAA-6C43-43F1-BB7C-4C8C302D2EA1}.Debug|Any CPU.ActiveCfg = Debug|Any CPU
		{82306EAA-6C43-43F1-BB7C-4C8C302D2EA1}.Debug|Any CPU.Build.0 = Debug|Any CPU
		{82306EAA-6C43-43F1-BB7C-4C8C302D2EA1}.Release|Any CPU.ActiveCfg = Release|Any CPU
		{82306EAA-6C43-43F1-BB7C-4C8C302D2EA1}.Release|Any CPU.Build.0 = Release|Any CPU
	EndGlobalSection
	GlobalSection(SolutionProperties) = preSolution
		HideSolutionNode = FALSE
	EndGlobalSection
	GlobalSection(ExtensibilityGlobals) = postSolution
		SolutionGuid = {24938466-DA7C-4315-8E08-29F1C3D2A254}
	EndGlobalSection
EndGlobal
